
Microsoft Visual Studio Solution File, Format Version 12.00
# Visual Studio Version 17
VisualStudioVersion = 17.0.31919.166
MinimumVisualStudioVersion = 10.0.40219.1
Project("{9A19103F-16F7-4668-BE54-9A1E7A4F7556}") = "Analyzers", "Analyzers\Analyzers.csproj", "{14A5F202-D72F-473D-97F4-0F592C23131C}"
EndProject
Project("{9A19103F-16F7-4668-BE54-9A1E7A4F7556}") = "CodeFixes", "CodeFixes\CodeFixes.csproj", "{2E8DBC77-754A-44C5-9EA8-6CB7DBD6E240}"
EndProject
Project("{9A19103F-16F7-4668-BE54-9A1E7A4F7556}") = "NuGetPackage", "NuGetPackage\NuGetPackage.csproj", "{5082DFE5-F003-4D95-A76A-7A8B4DC3D204}"
EndProject
Project("{9A19103F-16F7-4668-BE54-9A1E7A4F7556}") = "VisualStudio2022", "VisualStudio\VisualStudio2022\VisualStudio2022.csproj", "{F2EEEC24-92DB-4949-8DA3-D4E43E9DC33D}"
EndProject
Project("{9A19103F-16F7-4668-BE54-9A1E7A4F7556}") = "Core", "Core\Core.csproj", "{9B662B5F-0B76-4F9C-A31A-B48FA6C7C981}"
EndProject
Project("{2150E333-8FDC-42A3-9474-1A3956D46DE8}") = "Tests", "Tests", "{F33F611F-81EF-4B9D-9FB8-7DA91EA29918}"
EndProject
Project("{9A19103F-16F7-4668-BE54-9A1E7A4F7556}") = "Core.Tests", "Tests\Core.Tests\Core.Tests.csproj", "{9D55EBF6-9372-4519-A77C-FEAA72B528E3}"
EndProject
Project("{9A19103F-16F7-4668-BE54-9A1E7A4F7556}") = "Analyzers.Tests", "Tests\Analyzers.Tests\Analyzers.Tests.csproj", "{C645EE75-8F5B-4406-AF84-FBC4D9122905}"
EndProject
Project("{9A19103F-16F7-4668-BE54-9A1E7A4F7556}") = "CodeFixes.Tests", "Tests\CodeFixes.Tests\CodeFixes.Tests.csproj", "{299BAFC7-7759-4604-84D1-5CEF259166BF}"
EndProject
Project("{9A19103F-16F7-4668-BE54-9A1E7A4F7556}") = "Testing", "Tests\Testing\Testing.csproj", "{BB4542FD-5E90-4106-9F9D-2471D1BEBE5A}"
EndProject
Project("{2150E333-8FDC-42A3-9474-1A3956D46DE8}") = "Tools", "Tools", "{0625FAA5-DA05-43B9-8990-F98E3A0CBF2F}"
EndProject
Project("{9A19103F-16F7-4668-BE54-9A1E7A4F7556}") = "DocumentGenerator", "Tools\DocumentGenerator\DocumentGenerator.csproj", "{5763B1DC-29B1-4381-8D99-83AE89057409}"
EndProject
Project("{9A19103F-16F7-4668-BE54-9A1E7A4F7556}") = "CodeGenerator", "Tools\CodeGenerator\CodeGenerator.csproj", "{6926CAC1-0E62-408A-AAC1-22A58D0B8A4F}"
EndProject
Project("{9A19103F-16F7-4668-BE54-9A1E7A4F7556}") = "TestCodeGenerator", "Tools\TestCodeGenerator\TestCodeGenerator.csproj", "{9C3B2289-6463-4031-B4D8-72C96F16B973}"
EndProject
Project("{2150E333-8FDC-42A3-9474-1A3956D46DE8}") = "VisualStudio", "VisualStudio", "{D800703B-289A-41F1-9C81-B1CB580EEB81}"
EndProject
Project("{9A19103F-16F7-4668-BE54-9A1E7A4F7556}") = "CodeGeneration", "Tools\CodeGeneration\CodeGeneration.csproj", "{9E536D06-6851-47F9-83BD-E15813DC2C13}"
EndProject
Project("{9A19103F-16F7-4668-BE54-9A1E7A4F7556}") = "ConsoleCore", "ConsoleCore\ConsoleCore.csproj", "{BCA3A9E7-F998-4071-B3EE-6F00CD7E8342}"
EndProject
Project("{2150E333-8FDC-42A3-9474-1A3956D46DE8}") = "Solution Items", "Solution Items", "{98C99DBF-1F03-41CB-B865-FAC4C3ADC70C}"
	ProjectSection(SolutionItems) = preProject
		..\.gitattributes = ..\.gitattributes
		..\.gitignore = ..\.gitignore
		..\CHANGELOG.md = ..\CHANGELOG.md
		..\LICENSE = ..\LICENSE
		..\README.md = ..\README.md
	EndProjectSection
EndProject
Project("{9A19103F-16F7-4668-BE54-9A1E7A4F7556}") = "AnalyzerSpec", "AnalyzerSpec\AnalyzerSpec.csproj", "{24FEB3B5-AEDA-441A-8723-E94A08864F8C}"
EndProject
Project("{9A19103F-16F7-4668-BE54-9A1E7A4F7556}") = "ConsoleCore.Tests", "Tests\ConsoleCore.Tests\ConsoleCore.Tests.csproj", "{D6137903-5E35-4F6D-B501-7ED8FB0CD1C1}"
EndProject
Global
	GlobalSection(SolutionConfigurationPlatforms) = preSolution
		Debug|Any CPU = Debug|Any CPU
		Debug|x86 = Debug|x86
		Release|Any CPU = Release|Any CPU
		Release|x86 = Release|x86
	EndGlobalSection
	GlobalSection(ProjectConfigurationPlatforms) = postSolution
		{14A5F202-D72F-473D-97F4-0F592C23131C}.Debug|Any CPU.ActiveCfg = Debug|Any CPU
		{14A5F202-D72F-473D-97F4-0F592C23131C}.Debug|Any CPU.Build.0 = Debug|Any CPU
		{14A5F202-D72F-473D-97F4-0F592C23131C}.Debug|x86.ActiveCfg = Debug|Any CPU
		{14A5F202-D72F-473D-97F4-0F592C23131C}.Debug|x86.Build.0 = Debug|Any CPU
		{14A5F202-D72F-473D-97F4-0F592C23131C}.Release|Any CPU.ActiveCfg = Release|Any CPU
		{14A5F202-D72F-473D-97F4-0F592C23131C}.Release|Any CPU.Build.0 = Release|Any CPU
		{14A5F202-D72F-473D-97F4-0F592C23131C}.Release|x86.ActiveCfg = Release|Any CPU
		{14A5F202-D72F-473D-97F4-0F592C23131C}.Release|x86.Build.0 = Release|Any CPU
		{2E8DBC77-754A-44C5-9EA8-6CB7DBD6E240}.Debug|Any CPU.ActiveCfg = Debug|Any CPU
		{2E8DBC77-754A-44C5-9EA8-6CB7DBD6E240}.Debug|Any CPU.Build.0 = Debug|Any CPU
		{2E8DBC77-754A-44C5-9EA8-6CB7DBD6E240}.Debug|x86.ActiveCfg = Debug|Any CPU
		{2E8DBC77-754A-44C5-9EA8-6CB7DBD6E240}.Debug|x86.Build.0 = Debug|Any CPU
		{2E8DBC77-754A-44C5-9EA8-6CB7DBD6E240}.Release|Any CPU.ActiveCfg = Release|Any CPU
		{2E8DBC77-754A-44C5-9EA8-6CB7DBD6E240}.Release|Any CPU.Build.0 = Release|Any CPU
		{2E8DBC77-754A-44C5-9EA8-6CB7DBD6E240}.Release|x86.ActiveCfg = Release|Any CPU
		{2E8DBC77-754A-44C5-9EA8-6CB7DBD6E240}.Release|x86.Build.0 = Release|Any CPU
		{5082DFE5-F003-4D95-A76A-7A8B4DC3D204}.Debug|Any CPU.ActiveCfg = Debug|Any CPU
		{5082DFE5-F003-4D95-A76A-7A8B4DC3D204}.Debug|Any CPU.Build.0 = Debug|Any CPU
		{5082DFE5-F003-4D95-A76A-7A8B4DC3D204}.Debug|x86.ActiveCfg = Debug|Any CPU
		{5082DFE5-F003-4D95-A76A-7A8B4DC3D204}.Debug|x86.Build.0 = Debug|Any CPU
		{5082DFE5-F003-4D95-A76A-7A8B4DC3D204}.Release|Any CPU.ActiveCfg = Release|Any CPU
		{5082DFE5-F003-4D95-A76A-7A8B4DC3D204}.Release|Any CPU.Build.0 = Release|Any CPU
		{5082DFE5-F003-4D95-A76A-7A8B4DC3D204}.Release|x86.ActiveCfg = Release|Any CPU
		{5082DFE5-F003-4D95-A76A-7A8B4DC3D204}.Release|x86.Build.0 = Release|Any CPU
		{F2EEEC24-92DB-4949-8DA3-D4E43E9DC33D}.Debug|Any CPU.ActiveCfg = Debug|Any CPU
		{F2EEEC24-92DB-4949-8DA3-D4E43E9DC33D}.Debug|Any CPU.Build.0 = Debug|Any CPU
		{F2EEEC24-92DB-4949-8DA3-D4E43E9DC33D}.Debug|x86.ActiveCfg = Debug|Any CPU
		{F2EEEC24-92DB-4949-8DA3-D4E43E9DC33D}.Debug|x86.Build.0 = Debug|Any CPU
		{F2EEEC24-92DB-4949-8DA3-D4E43E9DC33D}.Release|Any CPU.ActiveCfg = Release|Any CPU
		{F2EEEC24-92DB-4949-8DA3-D4E43E9DC33D}.Release|Any CPU.Build.0 = Release|Any CPU
		{F2EEEC24-92DB-4949-8DA3-D4E43E9DC33D}.Release|x86.ActiveCfg = Release|Any CPU
		{F2EEEC24-92DB-4949-8DA3-D4E43E9DC33D}.Release|x86.Build.0 = Release|Any CPU
		{9B662B5F-0B76-4F9C-A31A-B48FA6C7C981}.Debug|Any CPU.ActiveCfg = Debug|Any CPU
		{9B662B5F-0B76-4F9C-A31A-B48FA6C7C981}.Debug|Any CPU.Build.0 = Debug|Any CPU
		{9B662B5F-0B76-4F9C-A31A-B48FA6C7C981}.Debug|x86.ActiveCfg = Debug|Any CPU
		{9B662B5F-0B76-4F9C-A31A-B48FA6C7C981}.Debug|x86.Build.0 = Debug|Any CPU
		{9B662B5F-0B76-4F9C-A31A-B48FA6C7C981}.Release|Any CPU.ActiveCfg = Release|Any CPU
		{9B662B5F-0B76-4F9C-A31A-B48FA6C7C981}.Release|Any CPU.Build.0 = Release|Any CPU
		{9B662B5F-0B76-4F9C-A31A-B48FA6C7C981}.Release|x86.ActiveCfg = Release|Any CPU
		{9B662B5F-0B76-4F9C-A31A-B48FA6C7C981}.Release|x86.Build.0 = Release|Any CPU
		{9D55EBF6-9372-4519-A77C-FEAA72B528E3}.Debug|Any CPU.ActiveCfg = Debug|Any CPU
		{9D55EBF6-9372-4519-A77C-FEAA72B528E3}.Debug|Any CPU.Build.0 = Debug|Any CPU
		{9D55EBF6-9372-4519-A77C-FEAA72B528E3}.Debug|x86.ActiveCfg = Debug|Any CPU
		{9D55EBF6-9372-4519-A77C-FEAA72B528E3}.Debug|x86.Build.0 = Debug|Any CPU
		{9D55EBF6-9372-4519-A77C-FEAA72B528E3}.Release|Any CPU.ActiveCfg = Release|Any CPU
		{9D55EBF6-9372-4519-A77C-FEAA72B528E3}.Release|Any CPU.Build.0 = Release|Any CPU
		{9D55EBF6-9372-4519-A77C-FEAA72B528E3}.Release|x86.ActiveCfg = Release|Any CPU
		{9D55EBF6-9372-4519-A77C-FEAA72B528E3}.Release|x86.Build.0 = Release|Any CPU
		{C645EE75-8F5B-4406-AF84-FBC4D9122905}.Debug|Any CPU.ActiveCfg = Debug|Any CPU
		{C645EE75-8F5B-4406-AF84-FBC4D9122905}.Debug|Any CPU.Build.0 = Debug|Any CPU
		{C645EE75-8F5B-4406-AF84-FBC4D9122905}.Debug|x86.ActiveCfg = Debug|Any CPU
		{C645EE75-8F5B-4406-AF84-FBC4D9122905}.Debug|x86.Build.0 = Debug|Any CPU
		{C645EE75-8F5B-4406-AF84-FBC4D9122905}.Release|Any CPU.ActiveCfg = Release|Any CPU
		{C645EE75-8F5B-4406-AF84-FBC4D9122905}.Release|Any CPU.Build.0 = Release|Any CPU
		{C645EE75-8F5B-4406-AF84-FBC4D9122905}.Release|x86.ActiveCfg = Release|Any CPU
		{C645EE75-8F5B-4406-AF84-FBC4D9122905}.Release|x86.Build.0 = Release|Any CPU
		{299BAFC7-7759-4604-84D1-5CEF259166BF}.Debug|Any CPU.ActiveCfg = Debug|Any CPU
		{299BAFC7-7759-4604-84D1-5CEF259166BF}.Debug|Any CPU.Build.0 = Debug|Any CPU
		{299BAFC7-7759-4604-84D1-5CEF259166BF}.Debug|x86.ActiveCfg = Debug|Any CPU
		{299BAFC7-7759-4604-84D1-5CEF259166BF}.Debug|x86.Build.0 = Debug|Any CPU
		{299BAFC7-7759-4604-84D1-5CEF259166BF}.Release|Any CPU.ActiveCfg = Release|Any CPU
		{299BAFC7-7759-4604-84D1-5CEF259166BF}.Release|Any CPU.Build.0 = Release|Any CPU
		{299BAFC7-7759-4604-84D1-5CEF259166BF}.Release|x86.ActiveCfg = Release|Any CPU
		{299BAFC7-7759-4604-84D1-5CEF259166BF}.Release|x86.Build.0 = Release|Any CPU
		{BB4542FD-5E90-4106-9F9D-2471D1BEBE5A}.Debug|Any CPU.ActiveCfg = Debug|Any CPU
		{BB4542FD-5E90-4106-9F9D-2471D1BEBE5A}.Debug|Any CPU.Build.0 = Debug|Any CPU
		{BB4542FD-5E90-4106-9F9D-2471D1BEBE5A}.Debug|x86.ActiveCfg = Debug|Any CPU
		{BB4542FD-5E90-4106-9F9D-2471D1BEBE5A}.Debug|x86.Build.0 = Debug|Any CPU
		{BB4542FD-5E90-4106-9F9D-2471D1BEBE5A}.Release|Any CPU.ActiveCfg = Release|Any CPU
		{BB4542FD-5E90-4106-9F9D-2471D1BEBE5A}.Release|Any CPU.Build.0 = Release|Any CPU
		{BB4542FD-5E90-4106-9F9D-2471D1BEBE5A}.Release|x86.ActiveCfg = Release|Any CPU
		{BB4542FD-5E90-4106-9F9D-2471D1BEBE5A}.Release|x86.Build.0 = Release|Any CPU
		{5763B1DC-29B1-4381-8D99-83AE89057409}.Debug|Any CPU.ActiveCfg = Debug|Any CPU
		{5763B1DC-29B1-4381-8D99-83AE89057409}.Debug|Any CPU.Build.0 = Debug|Any CPU
		{5763B1DC-29B1-4381-8D99-83AE89057409}.Debug|x86.ActiveCfg = Debug|Any CPU
		{5763B1DC-29B1-4381-8D99-83AE89057409}.Debug|x86.Build.0 = Debug|Any CPU
		{5763B1DC-29B1-4381-8D99-83AE89057409}.Release|Any CPU.ActiveCfg = Release|Any CPU
		{5763B1DC-29B1-4381-8D99-83AE89057409}.Release|Any CPU.Build.0 = Release|Any CPU
		{5763B1DC-29B1-4381-8D99-83AE89057409}.Release|x86.ActiveCfg = Release|Any CPU
		{5763B1DC-29B1-4381-8D99-83AE89057409}.Release|x86.Build.0 = Release|Any CPU
		{6926CAC1-0E62-408A-AAC1-22A58D0B8A4F}.Debug|Any CPU.ActiveCfg = Debug|Any CPU
		{6926CAC1-0E62-408A-AAC1-22A58D0B8A4F}.Debug|Any CPU.Build.0 = Debug|Any CPU
		{6926CAC1-0E62-408A-AAC1-22A58D0B8A4F}.Debug|x86.ActiveCfg = Debug|Any CPU
		{6926CAC1-0E62-408A-AAC1-22A58D0B8A4F}.Debug|x86.Build.0 = Debug|Any CPU
		{6926CAC1-0E62-408A-AAC1-22A58D0B8A4F}.Release|Any CPU.ActiveCfg = Release|Any CPU
		{6926CAC1-0E62-408A-AAC1-22A58D0B8A4F}.Release|Any CPU.Build.0 = Release|Any CPU
		{6926CAC1-0E62-408A-AAC1-22A58D0B8A4F}.Release|x86.ActiveCfg = Release|Any CPU
		{6926CAC1-0E62-408A-AAC1-22A58D0B8A4F}.Release|x86.Build.0 = Release|Any CPU
		{9C3B2289-6463-4031-B4D8-72C96F16B973}.Debug|Any CPU.ActiveCfg = Debug|Any CPU
		{9C3B2289-6463-4031-B4D8-72C96F16B973}.Debug|Any CPU.Build.0 = Debug|Any CPU
		{9C3B2289-6463-4031-B4D8-72C96F16B973}.Debug|x86.ActiveCfg = Debug|Any CPU
		{9C3B2289-6463-4031-B4D8-72C96F16B973}.Debug|x86.Build.0 = Debug|Any CPU
		{9C3B2289-6463-4031-B4D8-72C96F16B973}.Release|Any CPU.ActiveCfg = Release|Any CPU
		{9C3B2289-6463-4031-B4D8-72C96F16B973}.Release|Any CPU.Build.0 = Release|Any CPU
		{9C3B2289-6463-4031-B4D8-72C96F16B973}.Release|x86.ActiveCfg = Release|Any CPU
		{9C3B2289-6463-4031-B4D8-72C96F16B973}.Release|x86.Build.0 = Release|Any CPU
		{9E536D06-6851-47F9-83BD-E15813DC2C13}.Debug|Any CPU.ActiveCfg = Debug|Any CPU
		{9E536D06-6851-47F9-83BD-E15813DC2C13}.Debug|Any CPU.Build.0 = Debug|Any CPU
		{9E536D06-6851-47F9-83BD-E15813DC2C13}.Debug|x86.ActiveCfg = Debug|Any CPU
		{9E536D06-6851-47F9-83BD-E15813DC2C13}.Debug|x86.Build.0 = Debug|Any CPU
		{9E536D06-6851-47F9-83BD-E15813DC2C13}.Release|Any CPU.ActiveCfg = Release|Any CPU
		{9E536D06-6851-47F9-83BD-E15813DC2C13}.Release|Any CPU.Build.0 = Release|Any CPU
		{9E536D06-6851-47F9-83BD-E15813DC2C13}.Release|x86.ActiveCfg = Release|Any CPU
		{9E536D06-6851-47F9-83BD-E15813DC2C13}.Release|x86.Build.0 = Release|Any CPU
		{BCA3A9E7-F998-4071-B3EE-6F00CD7E8342}.Debug|Any CPU.ActiveCfg = Debug|Any CPU
		{BCA3A9E7-F998-4071-B3EE-6F00CD7E8342}.Debug|Any CPU.Build.0 = Debug|Any CPU
		{BCA3A9E7-F998-4071-B3EE-6F00CD7E8342}.Debug|x86.ActiveCfg = Debug|Any CPU
		{BCA3A9E7-F998-4071-B3EE-6F00CD7E8342}.Debug|x86.Build.0 = Debug|Any CPU
		{BCA3A9E7-F998-4071-B3EE-6F00CD7E8342}.Release|Any CPU.ActiveCfg = Release|Any CPU
		{BCA3A9E7-F998-4071-B3EE-6F00CD7E8342}.Release|Any CPU.Build.0 = Release|Any CPU
		{BCA3A9E7-F998-4071-B3EE-6F00CD7E8342}.Release|x86.ActiveCfg = Release|Any CPU
		{BCA3A9E7-F998-4071-B3EE-6F00CD7E8342}.Release|x86.Build.0 = Release|Any CPU
		{24FEB3B5-AEDA-441A-8723-E94A08864F8C}.Debug|Any CPU.ActiveCfg = Debug|Any CPU
		{24FEB3B5-AEDA-441A-8723-E94A08864F8C}.Debug|Any CPU.Build.0 = Debug|Any CPU
		{24FEB3B5-AEDA-441A-8723-E94A08864F8C}.Debug|x86.ActiveCfg = Debug|Any CPU
		{24FEB3B5-AEDA-441A-8723-E94A08864F8C}.Debug|x86.Build.0 = Debug|Any CPU
		{24FEB3B5-AEDA-441A-8723-E94A08864F8C}.Release|Any CPU.ActiveCfg = Release|Any CPU
		{24FEB3B5-AEDA-441A-8723-E94A08864F8C}.Release|Any CPU.Build.0 = Release|Any CPU
		{24FEB3B5-AEDA-441A-8723-E94A08864F8C}.Release|x86.ActiveCfg = Release|Any CPU
		{24FEB3B5-AEDA-441A-8723-E94A08864F8C}.Release|x86.Build.0 = Release|Any CPU
		{D6137903-5E35-4F6D-B501-7ED8FB0CD1C1}.Debug|Any CPU.ActiveCfg = Debug|Any CPU
		{D6137903-5E35-4F6D-B501-7ED8FB0CD1C1}.Debug|Any CPU.Build.0 = Debug|Any CPU
		{D6137903-5E35-4F6D-B501-7ED8FB0CD1C1}.Debug|x86.ActiveCfg = Debug|Any CPU
		{D6137903-5E35-4F6D-B501-7ED8FB0CD1C1}.Debug|x86.Build.0 = Debug|Any CPU
		{D6137903-5E35-4F6D-B501-7ED8FB0CD1C1}.Release|Any CPU.ActiveCfg = Release|Any CPU
		{D6137903-5E35-4F6D-B501-7ED8FB0CD1C1}.Release|Any CPU.Build.0 = Release|Any CPU
		{D6137903-5E35-4F6D-B501-7ED8FB0CD1C1}.Release|x86.ActiveCfg = Release|Any CPU
		{D6137903-5E35-4F6D-B501-7ED8FB0CD1C1}.Release|x86.Build.0 = Release|Any CPU
	EndGlobalSection
	GlobalSection(SolutionProperties) = preSolution
		HideSolutionNode = FALSE
	EndGlobalSection
	GlobalSection(NestedProjects) = preSolution
		{F2EEEC24-92DB-4949-8DA3-D4E43E9DC33D} = {D800703B-289A-41F1-9C81-B1CB580EEB81}
		{9D55EBF6-9372-4519-A77C-FEAA72B528E3} = {F33F611F-81EF-4B9D-9FB8-7DA91EA29918}
		{C645EE75-8F5B-4406-AF84-FBC4D9122905} = {F33F611F-81EF-4B9D-9FB8-7DA91EA29918}
		{299BAFC7-7759-4604-84D1-5CEF259166BF} = {F33F611F-81EF-4B9D-9FB8-7DA91EA29918}
		{BB4542FD-5E90-4106-9F9D-2471D1BEBE5A} = {F33F611F-81EF-4B9D-9FB8-7DA91EA29918}
		{5763B1DC-29B1-4381-8D99-83AE89057409} = {0625FAA5-DA05-43B9-8990-F98E3A0CBF2F}
		{6926CAC1-0E62-408A-AAC1-22A58D0B8A4F} = {0625FAA5-DA05-43B9-8990-F98E3A0CBF2F}
		{9C3B2289-6463-4031-B4D8-72C96F16B973} = {0625FAA5-DA05-43B9-8990-F98E3A0CBF2F}
		{9E536D06-6851-47F9-83BD-E15813DC2C13} = {0625FAA5-DA05-43B9-8990-F98E3A0CBF2F}
		{D6137903-5E35-4F6D-B501-7ED8FB0CD1C1} = {F33F611F-81EF-4B9D-9FB8-7DA91EA29918}
	EndGlobalSection
	GlobalSection(ExtensibilityGlobals) = postSolution
		SolutionGuid = {DD9AF575-4E27-4074-881E-A56B09EBDC81}
	EndGlobalSection
EndGlobal
